
Microsoft Visual Studio Solution File, Format Version 12.00
# Visual Studio Version 17
VisualStudioVersion = 17.11.35017.193
MinimumVisualStudioVersion = 10.0.40219.1
Project("{FAE04EC0-301F-11D3-BF4B-00C04F79EFBC}") = "Banka_Mini_App", "Banka_Mini_App\Banka_Mini_App.csproj", "{50033EBE-FD48-44EB-A082-F6E73B7689C0}"
EndProject
Global
	GlobalSection(SolutionConfigurationPlatforms) = preSolution
		Debug|Any CPU = Debug|Any CPU
		Release|Any CPU = Release|Any CPU
	EndGlobalSection
	GlobalSection(ProjectConfigurationPlatforms) = postSolution
		{50033EBE-FD48-44EB-A082-F6E73B7689C0}.Debug|Any CPU.ActiveCfg = Debug|Any CPU
		{50033EBE-FD48-44EB-A082-F6E73B7689C0}.Debug|Any CPU.Build.0 = Debug|Any CPU
		{50033EBE-FD48-44EB-A082-F6E73B7689C0}.Release|Any CPU.ActiveCfg = Release|Any CPU
		{50033EBE-FD48-44EB-A082-F6E73B7689C0}.Release|Any CPU.Build.0 = Release|Any CPU
	EndGlobalSection
	GlobalSection(SolutionProperties) = preSolution
		HideSolutionNode = FALSE
	EndGlobalSection
	GlobalSection(ExtensibilityGlobals) = postSolution
		SolutionGuid = {512EEFFA-178B-41D8-9B66-FA3075BFEA34}
	EndGlobalSection
EndGlobal
